{
  "name": "atlas-ai-cli",
  "version": "0.1.0",
  "lockfileVersion": 3,
  "requires": true,
  "packages": {
    "": {
      "name": "atlas-ai-cli",
      "version": "0.1.0",
      "dependencies": {
        "@kilocode/cli": "7.4.15",
        "opencode-ai": "1.18.4"
      }
    },
    "node_modules/@kilocode/cli": {
      "version": "7.4.15",
      "resolved": "https://registry.npmjs.org/@kilocode/cli/-/cli-7.4.15.tgz",
      "integrity": "sha512-MZG3L9+FF6Ir7fM+C4OP3282labfk3HdXKYp9AcFfDyqDScpSggAj6hp3RTlJFmpXq6US9lEWL3a4sjlt6VMEg==",
      "cpu": [
        "arm64",
        "x64"
      ],
      "hasInstallScript": true,
      "license": "MIT",
      "os": [
        "darwin",
        "linux",
        "win32"
      ],
      "bin": {
        "kilo": "bin/kilo",
        "kilocode": "bin/kilo"
      },
      "optionalDependencies": {
        "@kilocode/cli-darwin-arm64": "7.4.15",
        "@kilocode/cli-darwin-x64": "7.4.15",
        "@kilocode/cli-darwin-x64-baseline": "7.4.15",
        "@kilocode/cli-linux-arm64": "7.4.15",
        "@kilocode/cli-linux-arm64-musl": "7.4.15",
        "@kilocode/cli-linux-x64": "7.4.15",
        "@kilocode/cli-linux-x64-baseline": "7.4.15",
        "@kilocode/cli-linux-x64-baseline-musl": "7.4.15",
        "@kilocode/cli-linux-x64-musl": "7.4.15",
        "@kilocode/cli-windows-arm64": "7.4.15",
        "@kilocode/cli-windows-x64": "7.4.15",
        "@kilocode/cli-windows-x64-baseline": "7.4.15"
      }
    },
    "node_modules/@kilocode/cli-darwin-arm64": {
      "version": "7.4.15",
      "resolved": "https://registry.npmjs.org/@kilocode/cli-darwin-arm64/-/cli-darwin-arm64-7.4.15.tgz",
      "integrity": "sha512-mqWX5Qq/fwRwok89m8JX3dFSV7oMdvlQ3WjGR1R3xkFlEqLlMzFKLZvoTTuEWe2LuSMNvDCWxwjlBQUzUBTWhA==",
      "cpu": [
        "arm64"
      ],
      "license": "MIT",
      "optional": true,
      "os": [
        "darwin"
      ]
    },
    "node_modules/@kilocode/cli-darwin-x64": {
      "version": "7.4.15",
      "resolved": "https://registry.npmjs.org/@kilocode/cli-darwin-x64/-/cli-darwin-x64-7.4.15.tgz",
      "integrity": "sha512-ZI+P/uZpE9BhSQYvFX954PImAqUmu8OXk/jvEVCcjEJMV/PZl40ZVfG3qQkypS+toSagGlw5be1/iM1hlYnOuA==",
      "cpu": [
        "x64"
      ],
      "license": "MIT",
      "optional": true,
      "os": [
        "darwin"
      ]
    },
    "node_modules/@kilocode/cli-darwin-x64-baseline": {
      "version": "7.4.15",
      "resolved": "https://registry.npmjs.org/@kilocode/cli-darwin-x64-baseline/-/cli-darwin-x64-baseline-7.4.15.tgz",
      "integrity": "sha512-TGCumDLyCP25rvGZQHJH0+ceK+bRw24Y5u1XLTPc2AqODn8BQj54Dv8pmW6YtnEo7GCuWnGu0Ck8vqx1KpV7LQ==",
      "cpu": [
        "x64"
      ],
      "license": "MIT",
      "optional": true,
      "os": [
        "darwin"
      ]
    },
    "node_modules/@kilocode/cli-linux-arm64": {
      "version": "7.4.15",
      "resolved": "https://registry.npmjs.org/@kilocode/cli-linux-arm64/-/cli-linux-arm64-7.4.15.tgz",
      "integrity": "sha512-OaOVi7JlaG61UHx/S+RzPu9kIO05k64vflajYAWKyY0i57vw3cQA37+S+Q/WIjWcarICahY2DPa2yjFYcprrug==",
      "cpu": [
        "arm64"
      ],
      "license": "SEE LICENSE IN LICENSE",
      "optional": true,
      "os": [
        "linux"
      ]
    },
    "node_modules/@kilocode/cli-linux-arm64-musl": {
      "version": "7.4.15",
      "resolved": "https://registry.npmjs.org/@kilocode/cli-linux-arm64-musl/-/cli-linux-arm64-musl-7.4.15.tgz",
      "integrity": "sha512-XY5jSf6oUUVas4rbuWG4OlCoYu7HzJTfNEXWHsIRZbUV7FMh1shcnuLU7r2naWVU38X1HxsWkolqpHC1lhYPpg==",
      "cpu": [
        "arm64"
      ],
      "license": "SEE LICENSE IN LICENSE",
      "optional": true,
      "os": [
        "linux"
      ]
    },
    "node_modules/@kilocode/cli-linux-x64": {
      "version": "7.4.15",
      "resolved": "https://registry.npmjs.org/@kilocode/cli-linux-x64/-/cli-linux-x64-7.4.15.tgz",
      "integrity": "sha512-7LcA8zA4fTey5UL0IQXQHw0Kr+g3J2/WFDvjaSex0jtoZZ1QlRCiHo0rBv5p45sB1JrsO65eUgp2gqA7dO8I4Q==",
      "cpu": [
        "x64"
      ],
      "license": "SEE LICENSE IN LICENSE",
      "optional": true,
      "os": [
        "linux"
      ]
    },
    "node_modules/@kilocode/cli-linux-x64-baseline": {
      "version": "7.4.15",
      "resolved": "https://registry.npmjs.org/@kilocode/cli-linux-x64-baseline/-/cli-linux-x64-baseline-7.4.15.tgz",
      "integrity": "sha512-ZdcvftkIAG22S5P9EaL9dGpU+6O4O/gl8gFZwbTS9NPuHL2OBq1v7HyDziK8uQkgP4+csavJ7lywmh1RE1469w==",
      "cpu": [
        "x64"
      ],
      "license": "SEE LICENSE IN LICENSE",
      "optional": true,
      "os": [
        "linux"
      ]
    },
    "node_modules/@kilocode/cli-linux-x64-baseline-musl": {
      "version": "7.4.15",
      "resolved": "https://registry.npmjs.org/@kilocode/cli-linux-x64-baseline-musl/-/cli-linux-x64-baseline-musl-7.4.15.tgz",
      "integrity": "sha512-gyJDIdRSDcNR6ysTpcf4uCRb9nAfu3u3MN70z9ODcg/YvCmo7dvK9L7j9cWdLJcqYlpGhuYJHhwMEugqhgAUZg==",
      "cpu": [
        "x64"
      ],
      "license": "SEE LICENSE IN LICENSE",
      "optional": true,
      "os": [
        "linux"
      ]
    },
    "node_modules/@kilocode/cli-linux-x64-musl": {
      "version": "7.4.15",
      "resolved": "https://registry.npmjs.org/@kilocode/cli-linux-x64-musl/-/cli-linux-x64-musl-7.4.15.tgz",
      "integrity": "sha512-Nd0+nb5Mp4Q0iwYn96pzC6FWJusHgOxEmIulLbypMKm+rGlZnXADDBj05nMgr2ibI9nBeOsqKaQQ80Lc57UqXg==",
      "cpu": [
        "x64"
      ],
      "license": "SEE LICENSE IN LICENSE",
      "optional": true,
      "os": [
        "linux"
      ]
    },
    "node_modules/@kilocode/cli-windows-arm64": {
      "version": "7.4.15",
      "resolved": "https://registry.npmjs.org/@kilocode/cli-windows-arm64/-/cli-windows-arm64-7.4.15.tgz",
      "integrity": "sha512-Nr5D/mpKkn2+l7S9adJYVKsHEkUeBurMWtai0LFlfvlJnGKqyVgmqDe2MEPOcTb5oIMoOZVKUK2I/1hulu55PQ==",
      "cpu": [
        "arm64"
      ],
      "license": "MIT",
      "optional": true,
      "os": [
        "win32"
      ]
    },
    "node_modules/@kilocode/cli-windows-x64": {
      "version": "7.4.15",
      "resolved": "https://registry.npmjs.org/@kilocode/cli-windows-x64/-/cli-windows-x64-7.4.15.tgz",
      "integrity": "sha512-do7IO8nqA10TM3IDUbt8LBV97UcX3EXv/Zu/cthsCz+CKB3A2drGbu3TYBOxr8IW76J6CAkc7k0RpWpfSKkeig==",
      "cpu": [
        "x64"
      ],
      "license": "MIT",
      "optional": true,
      "os": [
        "win32"
      ]
    },
    "node_modules/@kilocode/cli-windows-x64-baseline": {
      "version": "7.4.15",
      "resolved": "https://registry.npmjs.org/@kilocode/cli-windows-x64-baseline/-/cli-windows-x64-baseline-7.4.15.tgz",
      "integrity": "sha512-mHPy2dqOppGR03ACh3gkP79j6DIACuWINcFpolJ35wowFSYsmQSiDaZ1XgS8htHEOsSUf8YQ36kBG+40j03Stw==",
      "cpu": [
        "x64"
      ],
      "license": "MIT",
      "optional": true,
      "os": [
        "win32"
      ]
    },
    "node_modules/opencode-ai": {
      "version": "1.18.4",
      "resolved": "https://registry.npmjs.org/opencode-ai/-/opencode-ai-1.18.4.tgz",
      "integrity": "sha512-B8pFAs1g158ZU+C6eSiJz/5ZhG7Vr2mH7Z7ruYEHLElAlX9tehrRTnzTTgjSxHY2vwZ/5VplwR3odFU+Dai8jg==",
      "cpu": [
        "arm64",
        "x64"
      ],
      "hasInstallScript": true,
      "license": "MIT",
      "os": [
        "darwin",
        "linux",
        "win32"
      ],
      "bin": {
        "opencode": "bin/opencode.exe"
      },
      "optionalDependencies": {
        "opencode-darwin-arm64": "1.18.4",
        "opencode-darwin-x64": "1.18.4",
        "opencode-darwin-x64-baseline": "1.18.4",
        "opencode-linux-arm64": "1.18.4",
        "opencode-linux-arm64-musl": "1.18.4",
        "opencode-linux-x64": "1.18.4",
        "opencode-linux-x64-baseline": "1.18.4",
        "opencode-linux-x64-baseline-musl": "1.18.4",
        "opencode-linux-x64-musl": "1.18.4",
        "opencode-windows-arm64": "1.18.4",
        "opencode-windows-x64": "1.18.4",
        "opencode-windows-x64-baseline": "1.18.4"
      }
    },
    "node_modules/opencode-darwin-arm64": {
      "version": "1.18.4",
      "resolved": "https://registry.npmjs.org/opencode-darwin-arm64/-/opencode-darwin-arm64-1.18.4.tgz",
      "integrity": "sha512-/GdcUv3axBFYmpdCY3yMGRCBq3fwAJayflnn9stXtIHKuckc7ZaUYZmyudIUpmzkZP5W8XsAVMJomR4Rbr2+Ig==",
      "cpu": [
        "arm64"
      ],
      "optional": true,
      "os": [
        "darwin"
      ]
    },
    "node_modules/opencode-darwin-x64": {
      "version": "1.18.4",
      "resolved": "https://registry.npmjs.org/opencode-darwin-x64/-/opencode-darwin-x64-1.18.4.tgz",
      "integrity": "sha512-0i/AmdFw3CerwIggKqtaDlWDCBfSgzXT+KPSvks/Dx6l9NfYHihLnbV+vKbr0lwzco1lsDo4JHE4j/zz7JZUKQ==",
      "cpu": [
        "x64"
      ],
      "optional": true,
      "os": [
        "darwin"
      ]
    },
    "node_modules/opencode-darwin-x64-baseline": {
      "version": "1.18.4",
      "resolved": "https://registry.npmjs.org/opencode-darwin-x64-baseline/-/opencode-darwin-x64-baseline-1.18.4.tgz",
      "integrity": "sha512-1v/keJ/m+3UplGU2XdP5YfK25rTlGi7Kf5BVSV/ICObk6PiJWBAWOrB8bAQWDLhN/Tn7UfogBAgxaiRRfLPuEA==",
      "cpu": [
        "x64"
      ],
      "optional": true,
      "os": [
        "darwin"
      ]
    },
    "node_modules/opencode-linux-arm64": {
      "version": "1.18.4",
      "resolved": "https://registry.npmjs.org/opencode-linux-arm64/-/opencode-linux-arm64-1.18.4.tgz",
      "integrity": "sha512-3gBw9weE76jloNPGmPvzl3GJR8b6scwSAENxUKRdJ3WCkC7qcjJm49KFyfqFjO5++1H1Q2jbmqqxAgt5upqoMQ==",
      "cpu": [
        "arm64"
      ],
      "optional": true,
      "os": [
        "linux"
      ]
    },
    "node_modules/opencode-linux-arm64-musl": {
      "version": "1.18.4",
      "resolved": "https://registry.npmjs.org/opencode-linux-arm64-musl/-/opencode-linux-arm64-musl-1.18.4.tgz",
      "integrity": "sha512-kno1QJz+JoY1YqGlrxcwGKqOh2/OFKdQ4UGUCN5K2evQRIhd9EfB4JvZkjzLxTzglda8lpP+PJltjCA4DHJAJw==",
      "cpu": [
        "arm64"
      ],
      "optional": true,
      "os": [
        "linux"
      ]
    },
    "node_modules/opencode-linux-x64": {
      "version": "1.18.4",
      "resolved": "https://registry.npmjs.org/opencode-linux-x64/-/opencode-linux-x64-1.18.4.tgz",
      "integrity": "sha512-mCiZuKQBqRHVhtp20YFDfNf5cUwTt6/I98MFJQDJdDTWggnkAVOnitQTmSt2cQwoPJ94VrRwDhZyY3pIY3+CQg==",
      "cpu": [
        "x64"
      ],
      "optional": true,
      "os": [
        "linux"
      ]
    },
    "node_modules/opencode-linux-x64-baseline": {
      "version": "1.18.4",
      "resolved": "https://registry.npmjs.org/opencode-linux-x64-baseline/-/opencode-linux-x64-baseline-1.18.4.tgz",
      "integrity": "sha512-LlVIv54gpM8I6QJVAoW5uvcaVO4z+y5DswfUCsxgaD0CWgjEbULaiAAZIS/L+N5rRw/jHeqcHSXiKinFZt0xww==",
      "cpu": [
        "x64"
      ],
      "optional": true,
      "os": [
        "linux"
      ]
    },
    "node_modules/opencode-linux-x64-baseline-musl": {
      "version": "1.18.4",
      "resolved": "https://registry.npmjs.org/opencode-linux-x64-baseline-musl/-/opencode-linux-x64-baseline-musl-1.18.4.tgz",
      "integrity": "sha512-hM/uPMEuxLbwXueOmHsf3jjmfJ238/3r6FZMPumKVMR7jJHutp3ZWuOIL+ZzByxzsUK1f3RGbKaFULOMIieRSw==",
      "cpu": [
        "x64"
      ],
      "optional": true,
      "os": [
        "linux"
      ]
    },
    "node_modules/opencode-linux-x64-musl": {
      "version": "1.18.4",
      "resolved": "https://registry.npmjs.org/opencode-linux-x64-musl/-/opencode-linux-x64-musl-1.18.4.tgz",
      "integrity": "sha512-AlojHLyv7Cgn2g5Rj5QeHckEWyA20qdbEla2d1R9mXSaqlP6sX7izNti8Tzr/vMG53Uwmppyjb37uFB2fK+YTQ==",
      "cpu": [
        "x64"
      ],
      "optional": true,
      "os": [
        "linux"
      ]
    },
    "node_modules/opencode-windows-arm64": {
      "version": "1.18.4",
      "resolved": "https://registry.npmjs.org/opencode-windows-arm64/-/opencode-windows-arm64-1.18.4.tgz",
      "integrity": "sha512-B6m7N7ZPj/E6xx1ZaSjNW0gHTd0b3NTSf9mQiN3W89zji3oH9VOHLQdrP10rAd/2uZ5ZttxSkRqj/iwgAW+3TQ==",
      "cpu": [
        "arm64"
      ],
      "optional": true,
      "os": [
        "win32"
      ]
    },
    "node_modules/opencode-windows-x64": {
      "version": "1.18.4",
      "resolved": "https://registry.npmjs.org/opencode-windows-x64/-/opencode-windows-x64-1.18.4.tgz",
      "integrity": "sha512-TumOcMOvZ6vfs348LgGLK9eFEBLsh+wI/UXmQ8BhXW95YV1Wd26TutSzQi4L/wLftsDfl8Q6bKQ2trWtGBzBvQ==",
      "cpu": [
        "x64"
      ],
      "optional": true,
      "os": [
        "win32"
      ]
    },
    "node_modules/opencode-windows-x64-baseline": {
      "version": "1.18.4",
      "resolved": "https://registry.npmjs.org/opencode-windows-x64-baseline/-/opencode-windows-x64-baseline-1.18.4.tgz",
      "integrity": "sha512-4EpZ97uI50vVv9UT5sDeK3ff+sFzqmbBT4TNGkMF9uwNTKJYqoSVuOIZhIfLTLNlrEK2hd2/sf/4GQhIkM6iTw==",
      "cpu": [
        "x64"
      ],
      "optional": true,
      "os": [
        "win32"
      ]
    }
  }
}
